
Microsoft Visual Studio Solution File, Format Version 12.00
# Visual Studio Version 17
VisualStudioVersion = 17.2.32630.192
MinimumVisualStudioVersion = 10.0.40219.1
Project("{FAE04EC0-301F-11D3-BF4B-00C04F79EFBC}") = "Hakan.ConsoleApp.HGS", "Hakan.ConsoleApp.HGS\Hakan.ConsoleApp.HGS.csproj", "{BD6F692C-1ACC-4DFB-9E30-F15A5A6ED14C}"
EndProject
Global
	GlobalSection(SolutionConfigurationPlatforms) = preSolution
		Debug|Any CPU = Debug|Any CPU
		Release|Any CPU = Release|Any CPU
	EndGlobalSection
	GlobalSection(ProjectConfigurationPlatforms) = postSolution
		{BD6F692C-1ACC-4DFB-9E30-F15A5A6ED14C}.Debug|Any CPU.ActiveCfg = Debug|Any CPU
		{BD6F692C-1ACC-4DFB-9E30-F15A5A6ED14C}.Debug|Any CPU.Build.0 = Debug|Any CPU
		{BD6F692C-1ACC-4DFB-9E30-F15A5A6ED14C}.Release|Any CPU.ActiveCfg = Release|Any CPU
		{BD6F692C-1ACC-4DFB-9E30-F15A5A6ED14C}.Release|Any CPU.Build.0 = Release|Any CPU
	EndGlobalSection
	GlobalSection(SolutionProperties) = preSolution
		HideSolutionNode = FALSE
	EndGlobalSection
	GlobalSection(ExtensibilityGlobals) = postSolution
		SolutionGuid = {39EE0633-EAF9-4480-BAA7-EC0EB091EA87}
	EndGlobalSection
EndGlobal
